version = 1
revision = 3
requires-python = ">=3.13"

[[package]]
name = "dnspython"
version = "2.8.0"
source = { registry = "https://mirrors.cernet.edu.cn/pypi/web/simple" }
sdist = { url = "https://mirror.nju.edu.cn/pypi/web/packages/8c/8b/57666417c0f90f08bcafa776861060426765fdb422eb10212086fb811d26/dnspython-2.8.0.tar.gz", hash = "sha256:181d3c6996452cb1189c4046c61599b84a5a86e099562ffde77d26984ff26d0f" }
wheels = [
    { url = "https://mirror.nju.edu.cn/pypi/web/packages/ba/5a/18ad964b0086c6e62e2e7500f7edc89e3faa45033c71c1893d34eed2b2de/dnspython-2.8.0-py3-none-any.whl", hash = "sha256:01d9bbc4a2d76bf0db7c1f729812ded6d912bd318d3b1cf81d30c0f845dbf3af" },
]

[[package]]
name = "icmplib"
version = "3.0.4"
source = { registry = "https://mirrors.cernet.edu.cn/pypi/web/simple" }
sdist = { url = "https://mirror.nju.edu.cn/pypi/web/packages/6d/78/ca07444be85ec718d4a7617f43fdb5b4eaae40bc15a04a5c888b64f3e35f/icmplib-3.0.4.tar.gz", hash = "sha256:57868f2cdb011418c0e1d5586b16d1fabd206569fe9652654c27b6b2d6a316de" }
wheels = [
    { url = "https://mirror.nju.edu.cn/pypi/web/packages/38/ab/a47a2fdcf930e986914c642242ce2823753d7b08fda485f52323132f1240/icmplib-3.0.4-py3-none-any.whl", hash = "sha256:336b75c6c23c5ce99ddec33f718fab09661f6ad698e35b6f1fc7cc0ecf809398" },
]

[[package]]
name = "mydns"
version = "0.1.0"
source = { virtual = "." }
dependencies = [
    { name = "dnspython" },
    { name = "icmplib" },
    { name = "winuvloop" },
]

[package.metadata]
requires-dist = [
    { name = "dnspython", specifier = ">=2.8.0" },
    { name = "icmplib", specifier = ">=3.0.4" },
    { name = "winuvloop", specifier = ">=0.2.0" },
]

[[package]]
name = "uvloop"
version = "0.22.1"
source = { registry = "https://mirrors.cernet.edu.cn/pypi/web/simple" }
sdist = { url = "https://mirror.nju.edu.cn/pypi/web/packages/06/f0/18d39dbd1971d6d62c4629cc7fa67f74821b0dc1f5a77af43719de7936a7/uvloop-0.22.1.tar.gz", hash = "sha256:6c84bae345b9147082b17371e3dd5d42775bddce91f885499017f4607fdaf39f" }
wheels = [
    { url = "https://mirror.nju.edu.cn/pypi/web/packages/89/8c/182a2a593195bfd39842ea68ebc084e20c850806117213f5a299dfc513d9/uvloop-0.22.1-cp313-cp313-macosx_10_13_universal2.whl", hash = "sha256:561577354eb94200d75aca23fbde86ee11be36b00e52a4eaf8f50fb0c86b7705" },
    { url = "https://mirror.nju.edu.cn/pypi/web/packages/d2/14/e301ee96a6dc95224b6f1162cd3312f6d1217be3907b79173b06785f2fe7/uvloop-0.22.1-cp313-cp313-macosx_10_13_x86_64.whl", hash = "sha256:1cdf5192ab3e674ca26da2eada35b288d2fa49fdd0f357a19f0e7c4e7d5077c8" },
    { url = "https://mirror.nju.edu.cn/pypi/web/packages/b7/02/654426ce265ac19e2980bfd9ea6590ca96a56f10c76e63801a2df01c0486/uvloop-0.22.1-cp313-cp313-manylinux2014_aarch64.manylinux_2_17_aarch64.manylinux_2_28_aarch64.whl", hash = "sha256:6e2ea3d6190a2968f4a14a23019d3b16870dd2190cd69c8180f7c632d21de68d" },
    { url = "https://mirror.nju.edu.cn/pypi/web/packages/15/c0/0be24758891ef825f2065cd5db8741aaddabe3e248ee6acc5e8a80f04005/uvloop-0.22.1-cp313-cp313-manylinux2014_x86_64.manylinux_2_17_x86_64.manylinux_2_28_x86_64.whl", hash = "sha256:0530a5fbad9c9e4ee3f2b33b148c6a64d47bbad8000ea63704fa8260f4cf728e" },
    { url = "https://mirror.nju.edu.cn/pypi/web/packages/d2/53/8369e5219a5855869bcee5f4d317f6da0e2c669aecf0ef7d371e3d084449/uvloop-0.22.1-cp313-cp313-musllinux_1_2_aarch64.whl", hash = "sha256:bc5ef13bbc10b5335792360623cc378d52d7e62c2de64660616478c32cd0598e" },
    { url = "https://mirror.nju.edu.cn/pypi/web/packages/f8/ba/d69adbe699b768f6b29a5eec7b47dd610bd17a69de51b251126a801369ea/uvloop-0.22.1-cp313-cp313-musllinux_1_2_x86_64.whl", hash = "sha256:1f38ec5e3f18c8a10ded09742f7fb8de0108796eb673f30ce7762ce1b8550cad" },
    { url = "https://mirror.nju.edu.cn/pypi/web/packages/90/cd/b62bdeaa429758aee8de8b00ac0dd26593a9de93d302bff3d21439e9791d/uvloop-0.22.1-cp314-cp314-macosx_10_13_universal2.whl", hash = "sha256:3879b88423ec7e97cd4eba2a443aa26ed4e59b45e6b76aabf13fe2f27023a142" },
    { url = "https://mirror.nju.edu.cn/pypi/web/packages/0d/f8/a132124dfda0777e489ca86732e85e69afcd1ff7686647000050ba670689/uvloop-0.22.1-cp314-cp314-macosx_10_13_x86_64.whl", hash = "sha256:4baa86acedf1d62115c1dc6ad1e17134476688f08c6efd8a2ab076e815665c74" },
    { url = "https://mirror.nju.edu.cn/pypi/web/packages/a3/94/94af78c156f88da4b3a733773ad5ba0b164393e357cc4bd0ab2e2677a7d6/uvloop-0.22.1-cp314-cp314-manylinux2014_aarch64.manylinux_2_17_aarch64.manylinux_2_28_aarch64.whl", hash = "sha256:297c27d8003520596236bdb2335e6b3f649480bd09e00d1e3a99144b691d2a35" },
    { url = "https://mirror.nju.edu.cn/pypi/web/packages/b5/35/60249e9fd07b32c665192cec7af29e06c7cd96fa1d08b84f012a56a0b38e/uvloop-0.22.1-cp314-cp314-manylinux2014_x86_64.manylinux_2_17_x86_64.manylinux_2_28_x86_64.whl", hash = "sha256:c1955d5a1dd43198244d47664a5858082a3239766a839b2102a269aaff7a4e25" },
    { url = "https://mirror.nju.edu.cn/pypi/web/packages/02/62/67d382dfcb25d0a98ce73c11ed1a6fba5037a1a1d533dcbb7cab033a2636/uvloop-0.22.1-cp314-cp314-musllinux_1_2_aarch64.whl", hash = "sha256:b31dc2fccbd42adc73bc4e7cdbae4fc5086cf378979e53ca5d0301838c5682c6" },
    { url = "https://mirror.nju.edu.cn/pypi/web/packages/f0/7a/f1171b4a882a5d13c8b7576f348acfe6074d72eaf52cccef752f748d4a9f/uvloop-0.22.1-cp314-cp314-musllinux_1_2_x86_64.whl", hash = "sha256:93f617675b2d03af4e72a5333ef89450dfaa5321303ede6e67ba9c9d26878079" },
    { url = "https://mirror.nju.edu.cn/pypi/web/packages/79/7b/b01414f31546caf0919da80ad57cbfe24c56b151d12af68cee1b04922ca8/uvloop-0.22.1-cp314-cp314t-macosx_10_13_universal2.whl", hash = "sha256:37554f70528f60cad66945b885eb01f1bb514f132d92b6eeed1c90fd54ed6289" },
    { url = "https://mirror.nju.edu.cn/pypi/web/packages/d4/31/0bb232318dd838cad3fa8fb0c68c8b40e1145b32025581975e18b11fab40/uvloop-0.22.1-cp314-cp314t-macosx_10_13_x86_64.whl", hash = "sha256:b76324e2dc033a0b2f435f33eb88ff9913c156ef78e153fb210e03c13da746b3" },
    { url = "https://mirror.nju.edu.cn/pypi/web/packages/42/38/c9b09f3271a7a723a5de69f8e237ab8e7803183131bc57c890db0b6bb872/uvloop-0.22.1-cp314-cp314t-manylinux2014_aarch64.manylinux_2_17_aarch64.manylinux_2_28_aarch64.whl", hash = "sha256:badb4d8e58ee08dad957002027830d5c3b06aea446a6a3744483c2b3b745345c" },
    { url = "https://mirror.nju.edu.cn/pypi/web/packages/c1/37/945b4ca0ac27e3dc4952642d4c900edd030b3da6c9634875af6e13ae80e5/uvloop-0.22.1-cp314-cp314t-manylinux2014_x86_64.manylinux_2_17_x86_64.manylinux_2_28_x86_64.whl", hash = "sha256:b91328c72635f6f9e0282e4a57da7470c7350ab1c9f48546c0f2866205349d21" },
    { url = "https://mirror.nju.edu.cn/pypi/web/packages/97/cc/48d232f33d60e2e2e0b42f4e73455b146b76ebe216487e862700457fbf3c/uvloop-0.22.1-cp314-cp314t-musllinux_1_2_aarch64.whl", hash = "sha256:daf620c2995d193449393d6c62131b3fbd40a63bf7b307a1527856ace637fe88" },
    { url = "https://mirror.nju.edu.cn/pypi/web/packages/e4/16/c1fd27e9549f3c4baf1dc9c20c456cd2f822dbf8de9f463824b0c0357e06/uvloop-0.22.1-cp314-cp314t-musllinux_1_2_x86_64.whl", hash = "sha256:6cde23eeda1a25c75b2e07d39970f3374105d5eafbaab2a4482be82f272d5a5e" },
]

[[package]]
name = "winloop"
version = "0.5.0"
source = { registry = "https://mirrors.cernet.edu.cn/pypi/web/simple" }
sdist = { url = "https://mirror.nju.edu.cn/pypi/web/packages/8d/eb/d6058bed9170c365f88a87aa433e6e08458a405a7b91f9c7e6dd6c10039e/winloop-0.5.0.tar.gz", hash = "sha256:4b3b6737172e144e87ecbf123474e54ddf750084d42f04e476bcd746fd138ff5" }
wheels = [
    { url = "https://mirror.nju.edu.cn/pypi/web/packages/dc/27/1235b7eb8cdacf01e1597cf40d0cbcdd0ce7f59222e620dd78f1685e90d8/winloop-0.5.0-cp313-cp313-win32.whl", hash = "sha256:d2ffb21a272e0c10df9e9aa5be8ad65e6a974f6f00765ff25b181684258f7c87" },
    { url = "https://mirror.nju.edu.cn/pypi/web/packages/43/10/84e7858a715e16f5307962f0ad8dd39be4ddb8f328777c06d3f72377abe5/winloop-0.5.0-cp313-cp313-win_amd64.whl", hash = "sha256:f5678af6b7613a786236280c1d82b05d7c1db959c005eb01b04810747635ac67" },
    { url = "https://mirror.nju.edu.cn/pypi/web/packages/38/a7/552f483a007d7404e484dd9cc52fe6d8c10d8b08bc4d2823348f44908153/winloop-0.5.0-cp313-cp313-win_arm64.whl", hash = "sha256:db35ad28b74b96c9ec6c9a40cb1eac1e4525c4b6c671de624495ba734683a896" },
    { url = "https://mirror.nju.edu.cn/pypi/web/packages/4e/79/88b2c39ccbc24e27f9e94b17fc46fd088028a5a3b5547a1b64fc4e835fb9/winloop-0.5.0-cp314-cp314-win32.whl", hash = "sha256:579a934d7dc5c96750863d7ed443b7ce9b2e52a56fba5a79c828116fe156a7a2" },
    { url = "https://mirror.nju.edu.cn/pypi/web/packages/a0/34/4153b536ed867b37ac26cc1b9ab3c295ffa098983938369668a5929d815e/winloop-0.5.0-cp314-cp314-win_amd64.whl", hash = "sha256:46ff4d4e373e0b65e5356ebfdeb24d4b5389f6198cc54ad0b5173eaf9f417e3a" },
    { url = "https://mirror.nju.edu.cn/pypi/web/packages/f0/31/aeafc86e668d778726f2bb81383d5560cc9eaf2e87dfa5b5a519294b34b4/winloop-0.5.0-cp314-cp314-win_arm64.whl", hash = "sha256:dce3ac6e4ac19c9709d4406042c5281d0ed92d3407633f4dabfbab58d97f8d61" },
    { url = "https://mirror.nju.edu.cn/pypi/web/packages/d6/3e/340cf1785a9dbe1c346c88f73bdbf358b2e85043501fd2bc2aa6c48c4ab7/winloop-0.5.0-cp314-cp314t-win32.whl", hash = "sha256:b71b429b67133e7ff51590f48c107243537afe5243ca7a20ccd5165f41d40855" },
    { url = "https://mirror.nju.edu.cn/pypi/web/packages/a3/1c/4226c77f7ad39da224d09f5a11e8e1a2eb720c93ba908b41ce94f143dd20/winloop-0.5.0-cp314-cp314t-win_amd64.whl", hash = "sha256:49b079b4e510f666535f290b5f8a08db780f34c160589000a8feafd81bab1b88" },
    { url = "https://mirror.nju.edu.cn/pypi/web/packages/ea/2e/dfe68657a9638f87a4078f9b31c9ed50abb89b261a6accc03572570db2d7/winloop-0.5.0-cp314-cp314t-win_arm64.whl", hash = "sha256:1d0fc16799bb15d5648955bc6bb1fdd4d2e62b733e0821468789aabeead82db2" },
]

[[package]]
name = "winuvloop"
version = "0.2.0"
source = { registry = "https://mirrors.cernet.edu.cn/pypi/web/simple" }
dependencies = [
    { name = "uvloop", marker = "sys_platform != 'win32'" },
    { name = "winloop", marker = "sys_platform == 'win32'" },
]
sdist = { url = "https://mirror.nju.edu.cn/pypi/web/packages/76/dd/2811cd1b0bc8bef72e6e0f7eff15cce8fea378cfc5b12bc5ea3937d184ea/winuvloop-0.2.0.tar.gz", hash = "sha256:8211649b11069aa5f0e3b5120a0e64fae5df41a759861d51816937fa63026ce7" }
wheels = [
    { url = "https://mirror.nju.edu.cn/pypi/web/packages/c3/28/80556e7ad8fa94be4479b4ddf4baed6ccfa6acaae9395b39002b3ede4c63/winuvloop-0.2.0-py3-none-any.whl", hash = "sha256:d2e94785609409fada08e069f3ca8c54f9ff1bb2a0a2a4466e42c6d14b4d6424" },
]
